github.com/lukehoban/go-outline v0.0.0-20161011150102-e78556874252 h1:D2VNityLQ1srKF+MSllSGQ4NwMci20llMkvVAmU2aCk=
github.com/lukehoban/go-outline v0.0.0-20161011150102-e78556874252/go.mod h1:O9bIJ6BRFBmP3AKTW8cqESVbauSmifSrRB/n9zq6x9Q=
gopkg.in/check.v1 v0.0.0-20161208181325-20d25e280405 h1:yhCVgyC4o1eVCa2tZl7eS0r+SDo693bJlVdllGtEeKM=
gopkg.in/check.v1 v0.0.0-20161208181325-20d25e280405/go.mod h1:Co6ibVJAznAaIkqp8huTwlJQCZ016jof/cbN4VW5Yz0=
gopkg.in/yaml.v3 v3.0.1 h1:fxVm/GzAzEWqLHuvctI91KS9hhNmmWOoWu0XTYJS7CA=
gopkg.in/yaml.v3 v3.0.1/go.mod h1:K4uyk7z7BCEPqu6E+C64Yfv1cQ7kz7rIZviUmN+EgEM=
